{
  "name": "smtd",
  "version": "1.0.0",
  "lockfileVersion": 3,
  "requires": true,
  "packages": {
    "": {
      "name": "smtd",
      "version": "1.0.0",
      "license": "ISC",
      "dependencies": {
        "asciichart": "^1.5.25",
        "ccxt": "^4.4.34"
      }
    },
    "node_modules/asciichart": {
      "version": "1.5.25",
      "resolved": "https://registry.npmjs.org/asciichart/-/asciichart-1.5.25.tgz",
      "integrity": "sha512-PNxzXIPPOtWq8T7bgzBtk9cI2lgS4SJZthUHEiQ1aoIc3lNzGfUvIvo9LiAnq26TACo9t1/4qP6KTGAUbzX9Xg=="
    },
    "node_modules/ccxt": {
      "version": "4.4.34",
      "resolved": "https://registry.npmjs.org/ccxt/-/ccxt-4.4.34.tgz",
      "integrity": "sha512-z+SxxC/3Olnm7hbX0Uyqm03dn4fb3yBdq6gBIEWJ6+gKWYe/HQr0bFLtmIeHaPhAoTh0DblVVGOAKFpweztSuw==",
      "hasInstallScript": true,
      "dependencies": {
        "ws": "^8.8.1"
      },
      "bin": {
        "ccxt": "examples/js/cli.js"
      },
      "engines": {
        "node": ">=15.0.0"
      }
    },
    "node_modules/ws": {
      "version": "8.18.0",
      "resolved": "https://registry.npmjs.org/ws/-/ws-8.18.0.tgz",
      "integrity": "sha512-8VbfWfHLbbwu3+N6OKsOMpBdT4kXPDDB9cJk2bJ6mh9ucxdlnNvH1e+roYkKmN9Nxw2yjz7VzeO9oOz2zJ04Pw==",
      "engines": {
        "node": ">=10.0.0"
      },
      "peerDependencies": {
        "bufferutil": "^4.0.1",
        "utf-8-validate": ">=5.0.2"
      },
      "peerDependenciesMeta": {
        "bufferutil": {
          "optional": true
        },
        "utf-8-validate": {
          "optional": true
        }
      }
    }
  }
}
